// !$*UTF8*$!
{
	archiveVersion = 1;
	classes = {
	};
	objectVersion = 50;
	objects = {

/* Begin PBXBuildFile section */
		ED2352CC225F2F4F00AC38ED /* AppDelegate.swift in Sources */ = {isa = PBXBuildFile; fileRef = ED2352CB225F2F4F00AC38ED /* AppDelegate.swift */; };
		ED2352CE225F2F4F00AC38ED /* ViewController.swift in Sources */ = {isa = PBXBuildFile; fileRef = ED2352CD225F2F4F00AC38ED /* ViewController.swift */; };
		ED2352D1225F2F4F00AC38ED /* Main.storyboard in Resources */ = {isa = PBXBuildFile; fileRef = ED2352CF225F2F4F00AC38ED /* Main.storyboard */; };
		ED2352D3225F2F5100AC38ED /* Assets.xcassets in Resources */ = {isa = PBXBuildFile; fileRef = ED2352D2225F2F5100AC38ED /* Assets.xcassets */; };
		ED2352D6225F2F5100AC38ED /* LaunchScreen.storyboard in Resources */ = {isa = PBXBuildFile; fileRef = ED2352D4225F2F5100AC38ED /* LaunchScreen.storyboard */; };
		ED2352DE225F2F8100AC38ED /* PlayingCard.swift in Sources */ = {isa = PBXBuildFile; fileRef = ED2352DD225F2F8100AC38ED /* PlayingCard.swift */; };
		ED2352E0225F3B5D00AC38ED /* PlayingCardDeck.swift in Sources */ = {isa = PBXBuildFile; fileRef = ED2352DF225F3B5D00AC38ED /* PlayingCardDeck.swift */; };
		ED2352E2225F495F00AC38ED /* PlayingCardView.swift in Sources */ = {isa = PBXBuildFile; fileRef = ED2352E1225F495F00AC38ED /* PlayingCardView.swift */; };
/* End PBXBuildFile section */

/* Begin PBXFileReference section */
		ED2352C8225F2F4F00AC38ED /* PlayingCard.app */ = {isa = PBXFileReference; explicitFileType = wrapper.application; includeInIndex = 0; path = PlayingCard.app; sourceTree = BUILT_PRODUCTS_DIR; };
		ED2352CB225F2F4F00AC38ED /* AppDelegate.swift */ = {isa = PBXFileReference; lastKnownFileType = sourcecode.swift; path = AppDelegate.swift; sourceTree = "<group>"; };
		ED2352CD225F2F4F00AC38ED /* ViewController.swift */ = {isa = PBXFileReference; lastKnownFileType = sourcecode.swift; path = ViewController.swift; sourceTree = "<group>"; };
		ED2352D0225F2F4F00AC38ED /* Base */ = {isa = PBXFileReference; lastKnownFileType = file.storyboard; name = Base; path = Base.lproj/Main.storyboard; sourceTree = "<group>"; };
		ED2352D2225F2F5100AC38ED /* Assets.xcassets */ = {isa = PBXFileReference; lastKnownFileType = folder.assetcatalog; path = Assets.xcassets; sourceTree = "<group>"; };
		ED2352D5225F2F5100AC38ED /* Base */ = {isa = PBXFileReference; lastKnownFileType = file.storyboard; name = Base; path = Base.lproj/LaunchScreen.storyboard; sourceTree = "<group>"; };
		ED2352D7225F2F5100AC38ED /* Info.plist */ = {isa = PBXFileReference; lastKnownFileType = text.plist.xml; path = Info.plist; sourceTree = "<group>"; };
		ED2352DD225F2F8100AC38ED /* PlayingCard.swift */ = {isa = PBXFileReference; lastKnownFileType = sourcecode.swift; path = PlayingCard.swift; sourceTree = "<group>"; };
		ED2352DF225F3B5D00AC38ED /* PlayingCardDeck.swift */ = {isa = PBXFileReference; lastKnownFileType = sourcecode.swift; path = PlayingCardDeck.swift; sourceTree = "<group>"; };
		ED2352E1225F495F00AC38ED /* PlayingCardView.swift */ = {isa = PBXFileReference; lastKnownFileType = sourcecode.swift; path = PlayingCardView.swift; sourceTree = "<group>"; };
/* End PBXFileReference section */

/* Begin PBXFrameworksBuildPhase section */
		ED2352C5225F2F4F00AC38ED /* Frameworks */ = {
			isa = PBXFrameworksBuildPhase;
			buildActionMask = 2147483647;
			files = (
			);
			runOnlyForDeploymentPostprocessing = 0;
		};
/* End PBXFrameworksBuildPhase section */

/* Begin PBXGroup section */
		ED2352BF225F2F4F00AC38ED = {
			isa = PBXGroup;
			children = (
				ED2352CA225F2F4F00AC38ED /* PlayingCard */,
				ED2352C9225F2F4F00AC38ED /* Products */,
			);
			sourceTree = "<group>";
		};
		ED2352C9225F2F4F00AC38ED /* Products */ = {
			isa = PBXGroup;
			children = (
				ED2352C8225F2F4F00AC38ED /* PlayingCard.app */,
			);
			name = Products;
			sourceTree = "<group>";
		};
		ED2352CA225F2F4F00AC38ED /* PlayingCard */ = {
			isa = PBXGroup;
			children = (
				ED2352DD225F2F8100AC38ED /* PlayingCard.swift */,
				ED2352E1225F495F00AC38ED /* PlayingCardView.swift */,
				ED2352DF225F3B5D00AC38ED /* PlayingCardDeck.swift */,
				ED2352CB225F2F4F00AC38ED /* AppDelegate.swift */,
				ED2352CD225F2F4F00AC38ED /* ViewController.swift */,
				ED2352CF225F2F4F00AC38ED /* Main.storyboard */,
				ED2352D2225F2F5100AC38ED /* Assets.xcassets */,
				ED2352D4225F2F5100AC38ED /* LaunchScreen.storyboard */,
				ED2352D7225F2F5100AC38ED /* Info.plist */,
			);
			path = PlayingCard;
			sourceTree = "<group>";
		};
/* End PBXGroup section */

/* Begin PBXNativeTarget section */
		ED2352C7225F2F4F00AC38ED /* PlayingCard */ = {
			isa = PBXNativeTarget;
			buildConfigurationList = ED2352DA225F2F5100AC38ED /* Build configuration list for PBXNativeTarget "PlayingCard" */;
			buildPhases = (
				ED2352C4225F2F4F00AC38ED /* Sources */,
				ED2352C5225F2F4F00AC38ED /* Frameworks */,
				ED2352C6225F2F4F00AC38ED /* Resources */,
			);
			buildRules = (
			);
			dependencies = (
			);
			name = PlayingCard;
			productName = PlayingCard1;
			productReference = ED2352C8225F2F4F00AC38ED /* PlayingCard.app */;
			productType = "com.apple.product-type.application";
		};
/* End PBXNativeTarget section */

/* Begin PBXProject section */
		ED2352C0225F2F4F00AC38ED /* Project object */ = {
			isa = PBXProject;
			attributes = {
				LastSwiftUpdateCheck = 1020;
				LastUpgradeCheck = 1020;
				ORGANIZATIONNAME = "Stanford University";
				TargetAttributes = {
					ED2352C7225F2F4F00AC38ED = {
						CreatedOnToolsVersion = 10.2;
					};
				};
			};
			buildConfigurationList = ED2352C3225F2F4F00AC38ED /* Build configuration list for PBXProject "PlayingCard" */;
			compatibilityVersion = "Xcode 9.3";
			developmentRegion = en;
			hasScannedForEncodings = 0;
			knownRegions = (
				en,
				Base,
			);
			mainGroup = ED2352BF225F2F4F00AC38ED;
			productRefGroup = ED2352C9225F2F4F00AC38ED /* Products */;
			projectDirPath = "";
			projectRoot = "";
			targets = (
				ED2352C7225F2F4F00AC38ED /* PlayingCard */,
			);
		};
/* End PBXProject section */

/* Begin PBXResourcesBuildPhase section */
		ED2352C6225F2F4F00AC38ED /* Resources */ = {
			isa = PBXResourcesBuildPhase;
			buildActionMask = 2147483647;
			files = (
				ED2352D6225F2F5100AC38ED /* LaunchScreen.storyboard in Resources */,
				ED2352D3225F2F5100AC38ED /* Assets.xcassets in Resources */,
				ED2352D1225F2F4F00AC38ED /* Main.storyboard in Resources */,
			);
			runOnlyForDeploymentPostprocessing = 0;
		};
/* End PBXResourcesBuildPhase section */

/* Begin PBXSourcesBuildPhase section */
		ED2352C4225F2F4F00AC38ED /* Sources */ = {
			isa = PBXSourcesBuildPhase;
			buildActionMask = 2147483647;
			files = (
				ED2352CE225F2F4F00AC38ED /* ViewController.swift in Sources */,
				ED2352E0225F3B5D00AC38ED /* PlayingCardDeck.swift in Sources */,
				ED2352DE225F2F8100AC38ED /* PlayingCard.swift in Sources */,
				ED2352E2225F495F00AC38ED /* PlayingCardView.swift in Sources */,
				ED2352CC225F2F4F00AC38ED /* AppDelegate.swift in Sources */,
			);
			runOnlyForDeploymentPostprocessing = 0;
		};
/* End PBXSourcesBuildPhase section */

/* Begin PBXVariantGroup section */
		ED2352CF225F2F4F00AC38ED /* Main.storyboard */ = {
			isa = PBXVariantGroup;
			children = (
				ED2352D0225F2F4F00AC38ED /* Base */,
			);
			name = Main.storyboard;
			sourceTree = "<group>";
		};
		ED2352D4225F2F5100AC38ED /* LaunchScreen.storyboard */ = {
			isa = PBXVariantGroup;
			children = (
				ED2352D5225F2F5100AC38ED /* Base */,
			);
			name = LaunchScreen.storyboard;
			sourceTree = "<group>";
		};
/* End PBXVariantGroup section */

/* Begin XCBuildConfiguration section */
		ED2352D8225F2F5100AC38ED /* Debug */ = {
			isa = XCBuildConfiguration;
			buildSettings = {
				ALWAYS_SEARCH_USER_PATHS = NO;
				CLANG_ANALYZER_NONNULL = YES;
				CLANG_ANALYZER_NUMBER_OBJECT_CONVERSION = YES_AGGRESSIVE;
				CLANG_CXX_LANGUAGE_STANDARD = "gnu++14";
				CLANG_CXX_LIBRARY = "libc++";
				CLANG_ENABLE_MODULES = YES;
				CLANG_ENABLE_OBJC_ARC = YES;
				CLANG_ENABLE_OBJC_WEAK = YES;
				CLANG_WARN_BLOCK_CAPTURE_AUTORELEASING = YES;
				CLANG_WARN_BOOL_CONVERSION = YES;
				CLANG_WARN_COMMA = YES;
				CLANG_WARN_CONSTANT_CONVERSION = YES;
				CLANG_WARN_DEPRECATED_OBJC_IMPLEMENTATIONS = YES;
				CLANG_WARN_DIRECT_OBJC_ISA_USAGE = YES_ERROR;
				CLANG_WARN_DOCUMENTATION_COMMENTS = YES;
				CLANG_WARN_EMPTY_BODY = YES;
				CLANG_WARN_ENUM_CONVERSION = YES;
				CLANG_WARN_INFINITE_RECURSION = YES;
				CLANG_WARN_INT_CONVERSION = YES;
				CLANG_WARN_NON_LITERAL_NULL_CONVERSION = YES;
				CLANG_WARN_OBJC_IMPLICIT_RETAIN_SELF = YES;
				CLANG_WARN_OBJC_LITERAL_CONVERSION = YES;
				CLANG_WARN_OBJC_ROOT_CLASS = YES_ERROR;
				CLANG_WARN_RANGE_LOOP_ANALYSIS = YES;
				CLANG_WARN_STRICT_PROTOTYPES = YES;
				CLANG_WARN_SUSPICIOUS_MOVE = YES;
				CLANG_WARN_UNGUARDED_AVAILABILITY = YES_AGGRESSIVE;
				CLANG_WARN_UNREACHABLE_CODE = YES;
				CLANG_WARN__DUPLICATE_METHOD_MATCH = YES;
				CODE_SIGN_IDENTITY = "iPhone Developer";
				COPY_PHASE_STRIP = NO;
				DEBUG_INFORMATION_FORMAT = dwarf;
				ENABLE_STRICT_OBJC_MSGSEND = YES;
				ENABLE_TESTABILITY = YES;
				GCC_C_LANGUAGE_STANDARD = gnu11;
				GCC_DYNAMIC_NO_PIC = NO;
				GCC_NO_COMMON_BLOCKS = YES;
				GCC_OPTIMIZATION_LEVEL = 0;
				GCC_PREPROCESSOR_DEFINITIONS = (
					"DEBUG=1",
					"$(inherited)",
				);
				GCC_WARN_64_TO_32_BIT_CONVERSION = YES;
				GCC_WARN_ABOUT_RETURN_TYPE = YES_ERROR;
				GCC_WARN_UNDECLARED_SELECTOR = YES;
				GCC_WARN_UNINITIALIZED_AUTOS = YES_AGGRESSIVE;
				GCC_WARN_UNUSED_FUNCTION = YES;
				GCC_WARN_UNUSED_VARIABLE = YES;
				IPHONEOS_DEPLOYMENT_TARGET = 12.2;
				MTL_ENABLE_DEBUG_INFO = INCLUDE_SOURCE;
				MTL_FAST_MATH = YES;
				ONLY_ACTIVE_ARCH = YES;
				SDKROOT = iphoneos;
				SWIFT_ACTIVE_COMPILATION_CONDITIONS = DEBUG;
				SWIFT_OPTIMIZATION_LEVEL = "-Onone";
			};
			name = Debug;
		};
		ED2352D9225F2F5100AC38ED /* Release */ = {
			isa = XCBuildConfiguration;
			buildSettings = {
				ALWAYS_SEARCH_USER_PATHS = NO;
				CLANG_ANALYZER_NONNULL = YES;
				CLANG_ANALYZER_NUMBER_OBJECT_CONVERSION = YES_AGGRESSIVE;
				CLANG_CXX_LANGUAGE_STANDARD = "gnu++14";
				CLANG_CXX_LIBRARY = "libc++";
				CLANG_ENABLE_MODULES = YES;
				CLANG_ENABLE_OBJC_ARC = YES;
				CLANG_ENABLE_OBJC_WEAK = YES;
				CLANG_WARN_BLOCK_CAPTURE_AUTORELEASING = YES;
				CLANG_WARN_BOOL_CONVERSION = YES;
				CLANG_WARN_COMMA = YES;
				CLANG_WARN_CONSTANT_CONVERSION = YES;
				CLANG_WARN_DEPRECATED_OBJC_IMPLEMENTATIONS = YES;
				CLANG_WARN_DIRECT_OBJC_ISA_USAGE = YES_ERROR;
				CLANG_WARN_DOCUMENTATION_COMMENTS = YES;
				CLANG_WARN_EMPTY_BODY = YES;
				CLANG_WARN_ENUM_CONVERSION = YES;
				CLANG_WARN_INFINITE_RECURSION = YES;
				CLANG_WARN_INT_CONVERSION = YES;
				CLANG_WARN_NON_LITERAL_NULL_CONVERSION = YES;
				CLANG_WARN_OBJC_IMPLICIT_RETAIN_SELF = YES;
				CLANG_WARN_OBJC_LITERAL_CONVERSION = YES;
				CLANG_WARN_OBJC_ROOT_CLASS = YES_ERROR;
				CLANG_WARN_RANGE_LOOP_ANALYSIS = YES;
				CLANG_WARN_STRICT_PROTOTYPES = YES;
				CLANG_WARN_SUSPICIOUS_MOVE = YES;
				CLANG_WARN_UNGUARDED_AVAILABILITY = YES_AGGRESSIVE;
				CLANG_WARN_UNREACHABLE_CODE = YES;
				CLANG_WARN__DUPLICATE_METHOD_MATCH = YES;
				CODE_SIGN_IDENTITY = "iPhone Developer";
				COPY_PHASE_STRIP = NO;
				DEBUG_INFORMATION_FORMAT = "dwarf-with-dsym";
				ENABLE_NS_ASSERTIONS = NO;
				ENABLE_STRICT_OBJC_MSGSEND = YES;
				GCC_C_LANGUAGE_STANDARD = gnu11;
				GCC_NO_COMMON_BLOCKS = YES;
				GCC_WARN_64_TO_32_BIT_CONVERSION = YES;
				GCC_WARN_ABOUT_RETURN_TYPE = YES_ERROR;
				GCC_WARN_UNDECLARED_SELECTOR = YES;
				GCC_WARN_UNINITIALIZED_AUTOS = YES_AGGRESSIVE;
				GCC_WARN_UNUSED_FUNCTION = YES;
				GCC_WARN_UNUSED_VARIABLE = YES;
				IPHONEOS_DEPLOYMENT_TARGET = 12.2;
				MTL_ENABLE_DEBUG_INFO = NO;
				MTL_FAST_MATH = YES;
				SDKROOT = iphoneos;
				SWIFT_COMPILATION_MODE = wholemodule;
				SWIFT_OPTIMIZATION_LEVEL = "-O";
				VALIDATE_PRODUCT = YES;
			};
			name = Release;
		};
		ED2352DB225F2F5100AC38ED /* Debug */ = {
			isa = XCBuildConfiguration;
			buildSettings = {
				ASSETCATALOG_COMPILER_APPICON_NAME = AppIcon;
				CODE_SIGN_STYLE = Automatic;
				DEVELOPMENT_TEAM = F629V6TB59;
				INFOPLIST_FILE = "$(SRCROOT)/PlayingCard/Info.plist";
				LD_RUNPATH_SEARCH_PATHS = (
					"$(inherited)",
					"@executable_path/Frameworks",
				);
				PRODUCT_BUNDLE_IDENTIFIER = edu.stanford.cs193p.lecture.PlayingCard;
				PRODUCT_NAME = "$(TARGET_NAME)";
				SWIFT_VERSION = 5.0;
				TARGETED_DEVICE_FAMILY = "1,2";
			};
			name = Debug;
		};
		ED2352DC225F2F5100AC38ED /* Release */ = {
			isa = XCBuildConfiguration;
			buildSettings = {
				ASSETCATALOG_COMPILER_APPICON_NAME = AppIcon;
				CODE_SIGN_STYLE = Automatic;
				DEVELOPMENT_TEAM = F629V6TB59;
				INFOPLIST_FILE = "$(SRCROOT)/PlayingCard/Info.plist";
				LD_RUNPATH_SEARCH_PATHS = (
					"$(inherited)",
					"@executable_path/Frameworks",
				);
				PRODUCT_BUNDLE_IDENTIFIER = edu.stanford.cs193p.lecture.PlayingCard;
				PRODUCT_NAME = "$(TARGET_NAME)";
				SWIFT_VERSION = 5.0;
				TARGETED_DEVICE_FAMILY = "1,2";
			};
			name = Release;
		};
/* End XCBuildConfiguration section */

/* Begin XCConfigurationList section */
		ED2352C3225F2F4F00AC38ED /* Build configuration list for PBXProject "PlayingCard" */ = {
			isa = XCConfigurationList;
			buildConfigurations = (
				ED2352D8225F2F5100AC38ED /* Debug */,
				ED2352D9225F2F5100AC38ED /* Release */,
			);
			defaultConfigurationIsVisible = 0;
			defaultConfigurationName = Release;
		};
		ED2352DA225F2F5100AC38ED /* Build configuration list for PBXNativeTarget "PlayingCard" */ = {
			isa = XCConfigurationList;
			buildConfigurations = (
				ED2352DB225F2F5100AC38ED /* Debug */,
				ED2352DC225F2F5100AC38ED /* Release */,
			);
			defaultConfigurationIsVisible = 0;
			defaultConfigurationName = Release;
		};
/* End XCConfigurationList section */
	};
	rootObject = ED2352C0225F2F4F00AC38ED /* Project object */;
}
